{
  "name": "test",
  "version": "1.0.0",
  "lockfileVersion": 2,
  "requires": true,
  "packages": {
    "": {
      "name": "test",
      "version": "1.0.0",
      "license": "ISC",
      "dependencies": {
        "fmi_entity": "github:UzerJamal-jft/fmi_entity"
      }
    },
    "node_modules/fmi_entity": {
      "version": "1.0.0",
      "resolved": "git+ssh://git@github.com/UzerJamal-jft/fmi_entity.git#c44176194eb87211a5ffed616f93118c6f52b70d",
      "license": "ISC"
    }
  },
  "dependencies": {
    "fmi_entity": {
      "version": "git+ssh://git@github.com/UzerJamal-jft/fmi_entity.git#c44176194eb87211a5ffed616f93118c6f52b70d",
      "from": "fmi_entity@git+https://github.com/UzerJamal-jft/fmi_entity.git"
    }
  }
}
